// !$*UTF8*$!
{
	archiveVersion = 1;
	classes = {
	};
	objectVersion = 46;
	objects = {

/* Begin PBXBuildFile section */
		2E378F961D5B811C00E9F524 /* OptionsParser.swift in Sources */ = {isa = PBXBuildFile; fileRef = 2E378F951D5B811C00E9F524 /* OptionsParser.swift */; };
		2E4A8F311D5C77AB0025C677 /* FileTemplates.swift in Sources */ = {isa = PBXBuildFile; fileRef = 2E4A8F301D5C77AB0025C677 /* FileTemplates.swift */; };
		2E4A8F331D5CB7D60025C677 /* FileGenerator.swift in Sources */ = {isa = PBXBuildFile; fileRef = 2E4A8F321D5CB7D60025C677 /* FileGenerator.swift */; };
		7CBA523323CDB84600B7136C /* ArrayUtils.swift in Sources */ = {isa = PBXBuildFile; fileRef = 7CBA523223CDB84600B7136C /* ArrayUtils.swift */; };
		7CBA523623CDBB6300B7136C /* Character+Extensions.swift in Sources */ = {isa = PBXBuildFile; fileRef = 7CBA523523CDBB6300B7136C /* Character+Extensions.swift */; };
		91ED18E61E02A48F00475042 /* CommandLineKit.swift in Sources */ = {isa = PBXBuildFile; fileRef = 91084DEB1E02A0A9004E353B /* CommandLineKit.swift */; };
		91ED18E71E02A49200475042 /* Option.swift in Sources */ = {isa = PBXBuildFile; fileRef = 91084DED1E02A0A9004E353B /* Option.swift */; };
		91ED18E81E02A49500475042 /* StringExtensions.swift in Sources */ = {isa = PBXBuildFile; fileRef = 91084DEE1E02A0A9004E353B /* StringExtensions.swift */; };
		EAD7A2A21BBABE83006A3921 /* main.swift in Sources */ = {isa = PBXBuildFile; fileRef = EAD7A2A11BBABE83006A3921 /* main.swift */; };
/* End PBXBuildFile section */

/* Begin PBXCopyFilesBuildPhase section */
		EAD7A29C1BBABE83006A3921 /* CopyFiles */ = {
			isa = PBXCopyFilesBuildPhase;
			buildActionMask = 2147483647;
			dstPath = /usr/share/man/man1/;
			dstSubfolderSpec = 0;
			files = (
			);
			runOnlyForDeploymentPostprocessing = 1;
		};
/* End PBXCopyFilesBuildPhase section */

/* Begin PBXFileReference section */
		2E378F951D5B811C00E9F524 /* OptionsParser.swift */ = {isa = PBXFileReference; fileEncoding = 4; lastKnownFileType = sourcecode.swift; path = OptionsParser.swift; sourceTree = "<group>"; };
		2E4A8F301D5C77AB0025C677 /* FileTemplates.swift */ = {isa = PBXFileReference; fileEncoding = 4; lastKnownFileType = sourcecode.swift; path = FileTemplates.swift; sourceTree = "<group>"; };
		2E4A8F321D5CB7D60025C677 /* FileGenerator.swift */ = {isa = PBXFileReference; fileEncoding = 4; indentWidth = 4; lastKnownFileType = sourcecode.swift; path = FileGenerator.swift; sourceTree = "<group>"; tabWidth = 4; };
		7CBA523223CDB84600B7136C /* ArrayUtils.swift */ = {isa = PBXFileReference; indentWidth = 4; lastKnownFileType = sourcecode.swift; path = ArrayUtils.swift; sourceTree = "<group>"; tabWidth = 4; };
		7CBA523523CDBB6300B7136C /* Character+Extensions.swift */ = {isa = PBXFileReference; indentWidth = 4; lastKnownFileType = sourcecode.swift; path = "Character+Extensions.swift"; sourceTree = "<group>"; tabWidth = 4; };
		91084DEB1E02A0A9004E353B /* CommandLineKit.swift */ = {isa = PBXFileReference; lastKnownFileType = sourcecode.swift; path = CommandLineKit.swift; sourceTree = "<group>"; };
		91084DEC1E02A0A9004E353B /* Info.plist */ = {isa = PBXFileReference; lastKnownFileType = text.plist.xml; path = Info.plist; sourceTree = "<group>"; };
		91084DED1E02A0A9004E353B /* Option.swift */ = {isa = PBXFileReference; lastKnownFileType = sourcecode.swift; path = Option.swift; sourceTree = "<group>"; };
		91084DEE1E02A0A9004E353B /* StringExtensions.swift */ = {isa = PBXFileReference; lastKnownFileType = sourcecode.swift; path = StringExtensions.swift; sourceTree = "<group>"; };
		EAD7A29E1BBABE83006A3921 /* configen */ = {isa = PBXFileReference; explicitFileType = "compiled.mach-o.executable"; includeInIndex = 0; path = configen; sourceTree = BUILT_PRODUCTS_DIR; };
		EAD7A2A11BBABE83006A3921 /* main.swift */ = {isa = PBXFileReference; lastKnownFileType = sourcecode.swift; path = main.swift; sourceTree = "<group>"; };
/* End PBXFileReference section */

/* Begin PBXFrameworksBuildPhase section */
		EAD7A29B1BBABE83006A3921 /* Frameworks */ = {
			isa = PBXFrameworksBuildPhase;
			buildActionMask = 2147483647;
			files = (
			);
			runOnlyForDeploymentPostprocessing = 0;
		};
/* End PBXFrameworksBuildPhase section */

/* Begin PBXGroup section */
		7CBA523423CDBB5400B7136C /* Extensions */ = {
			isa = PBXGroup;
			children = (
				7CBA523523CDBB6300B7136C /* Character+Extensions.swift */,
			);
			path = Extensions;
			sourceTree = "<group>";
		};
		91084DEA1E02A0A9004E353B /* CommandLineKit */ = {
			isa = PBXGroup;
			children = (
				91084DEB1E02A0A9004E353B /* CommandLineKit.swift */,
				91084DEC1E02A0A9004E353B /* Info.plist */,
				91084DED1E02A0A9004E353B /* Option.swift */,
				91084DEE1E02A0A9004E353B /* StringExtensions.swift */,
			);
			path = CommandLineKit;
			sourceTree = "<group>";
		};
		EAD7A2951BBABE83006A3921 = {
			isa = PBXGroup;
			children = (
				EAD7A2A01BBABE83006A3921 /* configen */,
				EAD7A29F1BBABE83006A3921 /* Products */,
			);
			sourceTree = "<group>";
		};
		EAD7A29F1BBABE83006A3921 /* Products */ = {
			isa = PBXGroup;
			children = (
				EAD7A29E1BBABE83006A3921 /* configen */,
			);
			name = Products;
			sourceTree = "<group>";
		};
		EAD7A2A01BBABE83006A3921 /* configen */ = {
			isa = PBXGroup;
			children = (
				7CBA523423CDBB5400B7136C /* Extensions */,
				91084DEA1E02A0A9004E353B /* CommandLineKit */,
				EAD7A2A11BBABE83006A3921 /* main.swift */,
				2E378F951D5B811C00E9F524 /* OptionsParser.swift */,
				2E4A8F301D5C77AB0025C677 /* FileTemplates.swift */,
				2E4A8F321D5CB7D60025C677 /* FileGenerator.swift */,
				7CBA523223CDB84600B7136C /* ArrayUtils.swift */,
			);
			path = configen;
			sourceTree = "<group>";
		};
/* End PBXGroup section */

/* Begin PBXNativeTarget section */
		EAD7A29D1BBABE83006A3921 /* configen */ = {
			isa = PBXNativeTarget;
			buildConfigurationList = EAD7A2A51BBABE83006A3921 /* Build configuration list for PBXNativeTarget "configen" */;
			buildPhases = (
				EAD7A29A1BBABE83006A3921 /* Sources */,
				EAD7A29B1BBABE83006A3921 /* Frameworks */,
				EAD7A29C1BBABE83006A3921 /* CopyFiles */,
			);
			buildRules = (
			);
			dependencies = (
			);
			name = configen;
			productName = configen;
			productReference = EAD7A29E1BBABE83006A3921 /* configen */;
			productType = "com.apple.product-type.tool";
		};
/* End PBXNativeTarget section */

/* Begin PBXProject section */
		EAD7A2961BBABE83006A3921 /* Project object */ = {
			isa = PBXProject;
			attributes = {
				LastSwiftUpdateCheck = 0700;
				LastUpgradeCheck = 1000;
				ORGANIZATIONNAME = "The App Business";
				TargetAttributes = {
					EAD7A29D1BBABE83006A3921 = {
						CreatedOnToolsVersion = 7.0;
						LastSwiftMigration = 1020;
					};
				};
			};
			buildConfigurationList = EAD7A2991BBABE83006A3921 /* Build configuration list for PBXProject "configen" */;
			compatibilityVersion = "Xcode 3.2";
			developmentRegion = English;
			hasScannedForEncodings = 0;
			knownRegions = (
				English,
				en,
			);
			mainGroup = EAD7A2951BBABE83006A3921;
			productRefGroup = EAD7A29F1BBABE83006A3921 /* Products */;
			projectDirPath = "";
			projectRoot = "";
			targets = (
				EAD7A29D1BBABE83006A3921 /* configen */,
			);
		};
/* End PBXProject section */

/* Begin PBXSourcesBuildPhase section */
		EAD7A29A1BBABE83006A3921 /* Sources */ = {
			isa = PBXSourcesBuildPhase;
			buildActionMask = 2147483647;
			files = (
				91ED18E81E02A49500475042 /* StringExtensions.swift in Sources */,
				91ED18E71E02A49200475042 /* Option.swift in Sources */,
				91ED18E61E02A48F00475042 /* CommandLineKit.swift in Sources */,
				7CBA523623CDBB6300B7136C /* Character+Extensions.swift in Sources */,
				EAD7A2A21BBABE83006A3921 /* main.swift in Sources */,
				2E4A8F331D5CB7D60025C677 /* FileGenerator.swift in Sources */,
				2E378F961D5B811C00E9F524 /* OptionsParser.swift in Sources */,
				7CBA523323CDB84600B7136C /* ArrayUtils.swift in Sources */,
				2E4A8F311D5C77AB0025C677 /* FileTemplates.swift in Sources */,
			);
			runOnlyForDeploymentPostprocessing = 0;
		};
/* End PBXSourcesBuildPhase section */

/* Begin XCBuildConfiguration section */
		EAD7A2A31BBABE83006A3921 /* Debug */ = {
			isa = XCBuildConfiguration;
			buildSettings = {
				ALWAYS_SEARCH_USER_PATHS = NO;
				CLANG_CXX_LANGUAGE_STANDARD = "gnu++0x";
				CLANG_CXX_LIBRARY = "libc++";
				CLANG_ENABLE_MODULES = YES;
				CLANG_ENABLE_OBJC_ARC = YES;
				CLANG_WARN_BLOCK_CAPTURE_AUTORELEASING = YES;
				CLANG_WARN_BOOL_CONVERSION = YES;
				CLANG_WARN_COMMA = YES;
				CLANG_WARN_CONSTANT_CONVERSION = YES;
				CLANG_WARN_DEPRECATED_OBJC_IMPLEMENTATIONS = YES;
				CLANG_WARN_DIRECT_OBJC_ISA_USAGE = YES_ERROR;
				CLANG_WARN_EMPTY_BODY = YES;
				CLANG_WARN_ENUM_CONVERSION = YES;
				CLANG_WARN_INFINITE_RECURSION = YES;
				CLANG_WARN_INT_CONVERSION = YES;
				CLANG_WARN_NON_LITERAL_NULL_CONVERSION = YES;
				CLANG_WARN_OBJC_IMPLICIT_RETAIN_SELF = YES;
				CLANG_WARN_OBJC_LITERAL_CONVERSION = YES;
				CLANG_WARN_OBJC_ROOT_CLASS = YES_ERROR;
				CLANG_WARN_RANGE_LOOP_ANALYSIS = YES;
				CLANG_WARN_STRICT_PROTOTYPES = YES;
				CLANG_WARN_SUSPICIOUS_MOVE = YES;
				CLANG_WARN_UNREACHABLE_CODE = YES;
				CLANG_WARN__DUPLICATE_METHOD_MATCH = YES;
				COPY_PHASE_STRIP = NO;
				DEBUG_INFORMATION_FORMAT = dwarf;
				ENABLE_STRICT_OBJC_MSGSEND = YES;
				ENABLE_TESTABILITY = YES;
				GCC_C_LANGUAGE_STANDARD = gnu99;
				GCC_DYNAMIC_NO_PIC = NO;
				GCC_NO_COMMON_BLOCKS = YES;
				GCC_OPTIMIZATION_LEVEL = 0;
				GCC_PREPROCESSOR_DEFINITIONS = (
					"DEBUG=1",
					"$(inherited)",
				);
				GCC_WARN_64_TO_32_BIT_CONVERSION = YES;
				GCC_WARN_ABOUT_RETURN_TYPE = YES_ERROR;
				GCC_WARN_UNDECLARED_SELECTOR = YES;
				GCC_WARN_UNINITIALIZED_AUTOS = YES_AGGRESSIVE;
				GCC_WARN_UNUSED_FUNCTION = YES;
				GCC_WARN_UNUSED_VARIABLE = YES;
				MACOSX_DEPLOYMENT_TARGET = 10.10;
				MTL_ENABLE_DEBUG_INFO = YES;
				ONLY_ACTIVE_ARCH = YES;
				SDKROOT = macosx;
				SWIFT_OPTIMIZATION_LEVEL = "-Onone";
				SWIFT_VERSION = 5.0;
			};
			name = Debug;
		};
		EAD7A2A41BBABE83006A3921 /* Release */ = {
			isa = XCBuildConfiguration;
			buildSettings = {
				ALWAYS_SEARCH_USER_PATHS = NO;
				CLANG_CXX_LANGUAGE_STANDARD = "gnu++0x";
				CLANG_CXX_LIBRARY = "libc++";
				CLANG_ENABLE_MODULES = YES;
				CLANG_ENABLE_OBJC_ARC = YES;
				CLANG_WARN_BLOCK_CAPTURE_AUTORELEASING = YES;
				CLANG_WARN_BOOL_CONVERSION = YES;
				CLANG_WARN_COMMA = YES;
				CLANG_WARN_CONSTANT_CONVERSION = YES;
				CLANG_WARN_DEPRECATED_OBJC_IMPLEMENTATIONS = YES;
				CLANG_WARN_DIRECT_OBJC_ISA_USAGE = YES_ERROR;
				CLANG_WARN_EMPTY_BODY = YES;
				CLANG_WARN_ENUM_CONVERSION = YES;
				CLANG_WARN_INFINITE_RECURSION = YES;
				CLANG_WARN_INT_CONVERSION = YES;
				CLANG_WARN_NON_LITERAL_NULL_CONVERSION = YES;
				CLANG_WARN_OBJC_IMPLICIT_RETAIN_SELF = YES;
				CLANG_WARN_OBJC_LITERAL_CONVERSION = YES;
				CLANG_WARN_OBJC_ROOT_CLASS = YES_ERROR;
				CLANG_WARN_RANGE_LOOP_ANALYSIS = YES;
				CLANG_WARN_STRICT_PROTOTYPES = YES;
				CLANG_WARN_SUSPICIOUS_MOVE = YES;
				CLANG_WARN_UNREACHABLE_CODE = YES;
				CLANG_WARN__DUPLICATE_METHOD_MATCH = YES;
				COPY_PHASE_STRIP = NO;
				DEBUG_INFORMATION_FORMAT = "dwarf-with-dsym";
				ENABLE_NS_ASSERTIONS = NO;
				ENABLE_STRICT_OBJC_MSGSEND = YES;
				GCC_C_LANGUAGE_STANDARD = gnu99;
				GCC_NO_COMMON_BLOCKS = YES;
				GCC_WARN_64_TO_32_BIT_CONVERSION = YES;
				GCC_WARN_ABOUT_RETURN_TYPE = YES_ERROR;
				GCC_WARN_UNDECLARED_SELECTOR = YES;
				GCC_WARN_UNINITIALIZED_AUTOS = YES_AGGRESSIVE;
				GCC_WARN_UNUSED_FUNCTION = YES;
				GCC_WARN_UNUSED_VARIABLE = YES;
				MACOSX_DEPLOYMENT_TARGET = 10.10;
				MTL_ENABLE_DEBUG_INFO = NO;
				SDKROOT = macosx;
				SWIFT_COMPILATION_MODE = wholemodule;
				SWIFT_VERSION = 5.0;
			};
			name = Release;
		};
		EAD7A2A61BBABE83006A3921 /* Debug */ = {
			isa = XCBuildConfiguration;
			buildSettings = {
				CLANG_ENABLE_MODULES = YES;
				LD_RUNPATH_SEARCH_PATHS = "$(inherited) @executable_path/../Frameworks @loader_path/../Frameworks";
				PRODUCT_NAME = "$(TARGET_NAME)";
				SWIFT_OPTIMIZATION_LEVEL = "-Onone";
				SWIFT_VERSION = 5.0;
			};
			name = Debug;
		};
		EAD7A2A71BBABE83006A3921 /* Release */ = {
			isa = XCBuildConfiguration;
			buildSettings = {
				CLANG_ENABLE_MODULES = YES;
				LD_RUNPATH_SEARCH_PATHS = "$(inherited) @executable_path/../Frameworks @loader_path/../Frameworks";
				PRODUCT_NAME = "$(TARGET_NAME)";
				SWIFT_VERSION = 5.0;
			};
			name = Release;
		};
/* End XCBuildConfiguration section */

/* Begin XCConfigurationList section */
		EAD7A2991BBABE83006A3921 /* Build configuration list for PBXProject "configen" */ = {
			isa = XCConfigurationList;
			buildConfigurations = (
				EAD7A2A31BBABE83006A3921 /* Debug */,
				EAD7A2A41BBABE83006A3921 /* Release */,
			);
			defaultConfigurationIsVisible = 0;
			defaultConfigurationName = Release;
		};
		EAD7A2A51BBABE83006A3921 /* Build configuration list for PBXNativeTarget "configen" */ = {
			isa = XCConfigurationList;
			buildConfigurations = (
				EAD7A2A61BBABE83006A3921 /* Debug */,
				EAD7A2A71BBABE83006A3921 /* Release */,
			);
			defaultConfigurationIsVisible = 0;
			defaultConfigurationName = Release;
		};
/* End XCConfigurationList section */
	};
	rootObject = EAD7A2961BBABE83006A3921 /* Project object */;
}
